
Microsoft Visual Studio Solution File, Format Version 12.00
# Visual Studio Version 17
VisualStudioVersion = 17.7.34031.279
MinimumVisualStudioVersion = 10.0.40219.1
Project("{FAE04EC0-301F-11D3-BF4B-00C04F79EFBC}") = "ChatManagement", "ChatManagement\ChatManagement.csproj", "{8C15C3B2-232D-475F-B69B-CCF86CB4003C}"
EndProject
Project("{FAE04EC0-301F-11D3-BF4B-00C04F79EFBC}") = "ChatManagementDomain", "ChatDomain\ChatManagementDomain.csproj", "{F6B10C85-6856-49B0-A704-82C21F74BC76}"
EndProject
Project("{FAE04EC0-301F-11D3-BF4B-00C04F79EFBC}") = "ChatManagementData", "ChatData\ChatManagementData.csproj", "{D9A5DB1D-DB07-4299-96D6-3ED9DA81B91F}"
EndProject
Project("{FAE04EC0-301F-11D3-BF4B-00C04F79EFBC}") = "ChatManagementService", "ChatManagementService\ChatManagementService.csproj", "{8CA84C9D-15D6-489B-BAB1-B88DE4B1B43A}"
EndProject
Global
	GlobalSection(SolutionConfigurationPlatforms) = preSolution
		Debug|Any CPU = Debug|Any CPU
		Release|Any CPU = Release|Any CPU
	EndGlobalSection
	GlobalSection(ProjectConfigurationPlatforms) = postSolution
		{8C15C3B2-232D-475F-B69B-CCF86CB4003C}.Debug|Any CPU.ActiveCfg = Debug|Any CPU
		{8C15C3B2-232D-475F-B69B-CCF86CB4003C}.Debug|Any CPU.Build.0 = Debug|Any CPU
		{8C15C3B2-232D-475F-B69B-CCF86CB4003C}.Release|Any CPU.ActiveCfg = Release|Any CPU
		{8C15C3B2-232D-475F-B69B-CCF86CB4003C}.Release|Any CPU.Build.0 = Release|Any CPU
		{F6B10C85-6856-49B0-A704-82C21F74BC76}.Debug|Any CPU.ActiveCfg = Debug|Any CPU
		{F6B10C85-6856-49B0-A704-82C21F74BC76}.Debug|Any CPU.Build.0 = Debug|Any CPU
		{F6B10C85-6856-49B0-A704-82C21F74BC76}.Release|Any CPU.ActiveCfg = Release|Any CPU
		{F6B10C85-6856-49B0-A704-82C21F74BC76}.Release|Any CPU.Build.0 = Release|Any CPU
		{D9A5DB1D-DB07-4299-96D6-3ED9DA81B91F}.Debug|Any CPU.ActiveCfg = Debug|Any CPU
		{D9A5DB1D-DB07-4299-96D6-3ED9DA81B91F}.Debug|Any CPU.Build.0 = Debug|Any CPU
		{D9A5DB1D-DB07-4299-96D6-3ED9DA81B91F}.Release|Any CPU.ActiveCfg = Release|Any CPU
		{D9A5DB1D-DB07-4299-96D6-3ED9DA81B91F}.Release|Any CPU.Build.0 = Release|Any CPU
		{8CA84C9D-15D6-489B-BAB1-B88DE4B1B43A}.Debug|Any CPU.ActiveCfg = Debug|Any CPU
		{8CA84C9D-15D6-489B-BAB1-B88DE4B1B43A}.Debug|Any CPU.Build.0 = Debug|Any CPU
		{8CA84C9D-15D6-489B-BAB1-B88DE4B1B43A}.Release|Any CPU.ActiveCfg = Release|Any CPU
		{8CA84C9D-15D6-489B-BAB1-B88DE4B1B43A}.Release|Any CPU.Build.0 = Release|Any CPU
	EndGlobalSection
	GlobalSection(SolutionProperties) = preSolution
		HideSolutionNode = FALSE
	EndGlobalSection
	GlobalSection(ExtensibilityGlobals) = postSolution
		SolutionGuid = {E10E6D5A-1182-4D1E-9A9C-7EFF9C3C788B}
	EndGlobalSection
EndGlobal
