
Microsoft Visual Studio Solution File, Format Version 12.00
# Visual Studio Version 17
VisualStudioVersion = 17.1.32228.430
MinimumVisualStudioVersion = 10.0.40219.1
Project("{9A19103F-16F7-4668-BE54-9A1E7A4F7556}") = "DevicesManagementDomain", "DevicesManagementDomain\DevicesManagementDomain.csproj", "{789E6F20-12FE-4568-83F8-C931075E43EE}"
EndProject
Project("{9A19103F-16F7-4668-BE54-9A1E7A4F7556}") = "DevicesManagementData", "DevicesManagementData\DevicesManagementData.csproj", "{85DAE80F-80BD-41BF-9FD6-8A4E21243D13}"
EndProject
Project("{9A19103F-16F7-4668-BE54-9A1E7A4F7556}") = "DeviceManagement", "DeviceManagement\DeviceManagement.csproj", "{27594950-E675-4FDF-9331-48CD689079E5}"
EndProject
Project("{9A19103F-16F7-4668-BE54-9A1E7A4F7556}") = "DeviceManagementService", "DeviceManagementService\DeviceManagementService.csproj", "{156472EA-F230-4FB5-8442-A07821652843}"
EndProject
Project("{2150E333-8FDC-42A3-9474-1A3956D46DE8}") = "Solution Items", "Solution Items", "{CC889488-8DB9-4576-A06B-BD2A7FEF3B6E}"
	ProjectSection(SolutionItems) = preProject
		docker-compose.yml = docker-compose.yml
		Dockerfile = Dockerfile
	EndProjectSection
EndProject
Global
	GlobalSection(SolutionConfigurationPlatforms) = preSolution
		Debug|Any CPU = Debug|Any CPU
		Release|Any CPU = Release|Any CPU
	EndGlobalSection
	GlobalSection(ProjectConfigurationPlatforms) = postSolution
		{789E6F20-12FE-4568-83F8-C931075E43EE}.Debug|Any CPU.ActiveCfg = Debug|Any CPU
		{789E6F20-12FE-4568-83F8-C931075E43EE}.Debug|Any CPU.Build.0 = Debug|Any CPU
		{789E6F20-12FE-4568-83F8-C931075E43EE}.Release|Any CPU.ActiveCfg = Release|Any CPU
		{789E6F20-12FE-4568-83F8-C931075E43EE}.Release|Any CPU.Build.0 = Release|Any CPU
		{85DAE80F-80BD-41BF-9FD6-8A4E21243D13}.Debug|Any CPU.ActiveCfg = Debug|Any CPU
		{85DAE80F-80BD-41BF-9FD6-8A4E21243D13}.Debug|Any CPU.Build.0 = Debug|Any CPU
		{85DAE80F-80BD-41BF-9FD6-8A4E21243D13}.Release|Any CPU.ActiveCfg = Release|Any CPU
		{85DAE80F-80BD-41BF-9FD6-8A4E21243D13}.Release|Any CPU.Build.0 = Release|Any CPU
		{27594950-E675-4FDF-9331-48CD689079E5}.Debug|Any CPU.ActiveCfg = Debug|Any CPU
		{27594950-E675-4FDF-9331-48CD689079E5}.Debug|Any CPU.Build.0 = Debug|Any CPU
		{27594950-E675-4FDF-9331-48CD689079E5}.Release|Any CPU.ActiveCfg = Release|Any CPU
		{27594950-E675-4FDF-9331-48CD689079E5}.Release|Any CPU.Build.0 = Release|Any CPU
		{156472EA-F230-4FB5-8442-A07821652843}.Debug|Any CPU.ActiveCfg = Debug|Any CPU
		{156472EA-F230-4FB5-8442-A07821652843}.Debug|Any CPU.Build.0 = Debug|Any CPU
		{156472EA-F230-4FB5-8442-A07821652843}.Release|Any CPU.ActiveCfg = Release|Any CPU
		{156472EA-F230-4FB5-8442-A07821652843}.Release|Any CPU.Build.0 = Release|Any CPU
	EndGlobalSection
	GlobalSection(SolutionProperties) = preSolution
		HideSolutionNode = FALSE
	EndGlobalSection
	GlobalSection(ExtensibilityGlobals) = postSolution
		SolutionGuid = {3F643278-12E6-4CB5-8E45-257CD0199B79}
	EndGlobalSection
EndGlobal
