
Microsoft Visual Studio Solution File, Format Version 12.00
# Visual Studio Version 17
VisualStudioVersion = 17.1.32228.430
MinimumVisualStudioVersion = 10.0.40219.1
Project("{9A19103F-16F7-4668-BE54-9A1E7A4F7556}") = "UserManagementData", "UserManagementData\UserManagementData.csproj", "{4555F7C9-BAC8-4D54-B036-83E9DA7181B1}"
EndProject
Project("{9A19103F-16F7-4668-BE54-9A1E7A4F7556}") = "UserManagementService", "UserManagementService\UserManagementService.csproj", "{A69AF1E2-1DF3-4451-A520-106B7478943C}"
EndProject
Project("{9A19103F-16F7-4668-BE54-9A1E7A4F7556}") = "UserManagementDomain", "UserManagementDomain\UserManagementDomain.csproj", "{D76FA087-D238-46AA-B050-DA4E71F77267}"
EndProject
Project("{9A19103F-16F7-4668-BE54-9A1E7A4F7556}") = "UserManagement", "UserManagementApplication\UserManagement.csproj", "{3DC3B627-32B0-4497-95B3-1FA560EC68D2}"
EndProject
Project("{2150E333-8FDC-42A3-9474-1A3956D46DE8}") = "Solution Items", "Solution Items", "{ED95B2C6-9003-48EB-9DAC-F3893A00F7CD}"
	ProjectSection(SolutionItems) = preProject
		docker-compose.yml = docker-compose.yml
		Dockerfile = Dockerfile
	EndProjectSection
EndProject
Global
	GlobalSection(SolutionConfigurationPlatforms) = preSolution
		Debug|Any CPU = Debug|Any CPU
		Release|Any CPU = Release|Any CPU
	EndGlobalSection
	GlobalSection(ProjectConfigurationPlatforms) = postSolution
		{4555F7C9-BAC8-4D54-B036-83E9DA7181B1}.Debug|Any CPU.ActiveCfg = Debug|Any CPU
		{4555F7C9-BAC8-4D54-B036-83E9DA7181B1}.Debug|Any CPU.Build.0 = Debug|Any CPU
		{4555F7C9-BAC8-4D54-B036-83E9DA7181B1}.Release|Any CPU.ActiveCfg = Release|Any CPU
		{4555F7C9-BAC8-4D54-B036-83E9DA7181B1}.Release|Any CPU.Build.0 = Release|Any CPU
		{A69AF1E2-1DF3-4451-A520-106B7478943C}.Debug|Any CPU.ActiveCfg = Debug|Any CPU
		{A69AF1E2-1DF3-4451-A520-106B7478943C}.Debug|Any CPU.Build.0 = Debug|Any CPU
		{A69AF1E2-1DF3-4451-A520-106B7478943C}.Release|Any CPU.ActiveCfg = Release|Any CPU
		{A69AF1E2-1DF3-4451-A520-106B7478943C}.Release|Any CPU.Build.0 = Release|Any CPU
		{D76FA087-D238-46AA-B050-DA4E71F77267}.Debug|Any CPU.ActiveCfg = Debug|Any CPU
		{D76FA087-D238-46AA-B050-DA4E71F77267}.Debug|Any CPU.Build.0 = Debug|Any CPU
		{D76FA087-D238-46AA-B050-DA4E71F77267}.Release|Any CPU.ActiveCfg = Release|Any CPU
		{D76FA087-D238-46AA-B050-DA4E71F77267}.Release|Any CPU.Build.0 = Release|Any CPU
		{3DC3B627-32B0-4497-95B3-1FA560EC68D2}.Debug|Any CPU.ActiveCfg = Debug|Any CPU
		{3DC3B627-32B0-4497-95B3-1FA560EC68D2}.Debug|Any CPU.Build.0 = Debug|Any CPU
		{3DC3B627-32B0-4497-95B3-1FA560EC68D2}.Release|Any CPU.ActiveCfg = Release|Any CPU
		{3DC3B627-32B0-4497-95B3-1FA560EC68D2}.Release|Any CPU.Build.0 = Release|Any CPU
	EndGlobalSection
	GlobalSection(SolutionProperties) = preSolution
		HideSolutionNode = FALSE
	EndGlobalSection
	GlobalSection(ExtensibilityGlobals) = postSolution
		SolutionGuid = {387DDD9F-73A7-4347-8E35-7A8D7F528A0B}
	EndGlobalSection
EndGlobal
